# THIS IS AN AUTOGENERATED FILE. DO NOT EDIT THIS FILE DIRECTLY.
# yarn lockfile v1


"@tailwindcss/node@4.0.13":
  version "4.0.13"
  resolved "https://registry.yarnpkg.com/@tailwindcss/node/-/node-4.0.13.tgz#de1e5044ae9426231ee177e4771cb2683ad9998d"
  integrity sha512-P9TmtE9Vew0vv5FwyD4bsg/dHHsIsAuUXkenuGUc5gm8fYgaxpdoxIKngCyEMEQxyCKR8PQY5V5VrrKNOx7exg==
  dependencies:
    enhanced-resolve "^5.18.1"
    jiti "^2.4.2"
    tailwindcss "4.0.13"

"@tailwindcss/oxide-android-arm64@4.0.13":
  version "4.0.13"
  resolved "https://registry.yarnpkg.com/@tailwindcss/oxide-android-arm64/-/oxide-android-arm64-4.0.13.tgz#e5ddf4f757878740d3c8d227363d5456f0de8e28"
  integrity sha512-+9zmwaPQ8A9ycDcdb+hRkMn6NzsmZ4YJBsW5Xqq5EdOu9xlIgmuMuJauVzDPB5BSbIWfhPdZ+le8NeRZpl1coA==

"@tailwindcss/oxide-darwin-arm64@4.0.13":
  version "4.0.13"
  resolved "https://registry.yarnpkg.com/@tailwindcss/oxide-darwin-arm64/-/oxide-darwin-arm64-4.0.13.tgz#4a3f962888ba203feaaeed9a0cd0e97468fef642"
  integrity sha512-Bj1QGlEJSjs/205CIRfb5/jeveOqzJ4pFMdRxu0gyiYWxBRyxsExXqaD+7162wnLP/EDKh6S1MC9E/1GwEhLtA==

"@tailwindcss/oxide-darwin-x64@4.0.13":
  version "4.0.13"
  resolved "https://registry.yarnpkg.com/@tailwindcss/oxide-darwin-x64/-/oxide-darwin-x64-4.0.13.tgz#4b64b30de6047ae456ec5565b8793667deb2ac8d"
  integrity sha512-lRTkxjTpMGXhLLM5GjZ0MtjPczMuhAo9j7PeSsaU6Imkm7W7RbrXfT8aP934kS7cBBV+HKN5U19Z0WWaORfb8Q==

"@tailwindcss/oxide-freebsd-x64@4.0.13":
  version "4.0.13"
  resolved "https://registry.yarnpkg.com/@tailwindcss/oxide-freebsd-x64/-/oxide-freebsd-x64-4.0.13.tgz#506148fb8edbd419dd5c64303d3d3c797525dbc8"
  integrity sha512-p/YLyKhs+xFibVeAPlpMGDVMKgjChgzs12VnDFaaqRSJoOz+uJgRSKiir2tn50e7Nm4YYw35q/DRBwpDBNo1MQ==

"@tailwindcss/oxide-linux-arm-gnueabihf@4.0.13":
  version "4.0.13"
  resolved "https://registry.yarnpkg.com/@tailwindcss/oxide-linux-arm-gnueabihf/-/oxide-linux-arm-gnueabihf-4.0.13.tgz#4a33256e712b72ab7cbc20d70061b4b1105de266"
  integrity sha512-Ua/5ydE/QOTX8jHuc7M9ICWnaLi6K2MV/r+Ws2OppsOjy8tdlPbqYainJJ6Kl7ofm524K+4Fk9CQITPzeIESPw==

"@tailwindcss/oxide-linux-arm64-gnu@4.0.13":
  version "4.0.13"
  resolved "https://registry.yarnpkg.com/@tailwindcss/oxide-linux-arm64-gnu/-/oxide-linux-arm64-gnu-4.0.13.tgz#501144c2694783f60994b670dafb44718215b7de"
  integrity sha512-/W1+Q6tBAVgZWh/bhfOHo4n7Ryh6E7zYj4bJd9SRbkPyLtRioyK3bi6RLuDj57sa7Amk/DeomSV9iycS0xqIPA==

"@tailwindcss/oxide-linux-arm64-musl@4.0.13":
  version "4.0.13"
  resolved "https://registry.yarnpkg.com/@tailwindcss/oxide-linux-arm64-musl/-/oxide-linux-arm64-musl-4.0.13.tgz#658c0bea27e6ca281ec5e042722f349c3c5bbc15"
  integrity sha512-GQj6TWevNxwsYw20FdT2r2d1f7uiRsF07iFvNYxPIvIyPEV74eZ0zgFEsAH1daK1OxPy+LXdZ4grV17P5tVzhQ==

"@tailwindcss/oxide-linux-x64-gnu@4.0.13":
  version "4.0.13"
  resolved "https://registry.yarnpkg.com/@tailwindcss/oxide-linux-x64-gnu/-/oxide-linux-x64-gnu-4.0.13.tgz#fe18d57ff8859782c3a5be2674de689064ea979f"
  integrity sha512-sQRH09faifF9w9WS6TKDWr1oLi4hoPx0EIWXZHQK/jcjarDpXGQ2DbF0KnALJCwWBxOIP/1nrmU01fZwwMzY3g==

"@tailwindcss/oxide-linux-x64-musl@4.0.13":
  version "4.0.13"
  resolved "https://registry.yarnpkg.com/@tailwindcss/oxide-linux-x64-musl/-/oxide-linux-x64-musl-4.0.13.tgz#fef520bb3446d1743918295363b26a9f748c9a5d"
  integrity sha512-Or1N8DIF3tP+LsloJp+UXLTIMMHMUcWXFhJLCsM4T7MzFzxkeReewRWXfk5mk137cdqVeUEH/R50xAhY1mOkTQ==

"@tailwindcss/oxide-win32-arm64-msvc@4.0.13":
  version "4.0.13"
  resolved "https://registry.yarnpkg.com/@tailwindcss/oxide-win32-arm64-msvc/-/oxide-win32-arm64-msvc-4.0.13.tgz#682db74f734c446579993ce3c043755e6b6fc57f"
  integrity sha512-u2mQyqCFrr9vVTP6sfDRfGE6bhOX3/7rInehzxNhHX1HYRIx09H3sDdXzTxnZWKOjIg3qjFTCrYFUZckva5PIg==

"@tailwindcss/oxide-win32-x64-msvc@4.0.13":
  version "4.0.13"
  resolved "https://registry.yarnpkg.com/@tailwindcss/oxide-win32-x64-msvc/-/oxide-win32-x64-msvc-4.0.13.tgz#73d00fa4d9bfd511da21f63412c6fbba26ae71cc"
  integrity sha512-sOEc4iCanp1Yqyeu9suQcEzfaUcHnqjBUgDg0ZXpjUMUwdSi37S1lu1RGoV1BYInvvGu3y3HHTmvsSfDhx2L8w==

"@tailwindcss/oxide@4.0.13":
  version "4.0.13"
  resolved "https://registry.yarnpkg.com/@tailwindcss/oxide/-/oxide-4.0.13.tgz#ee0d6c12d922c20b1d8b1a96f0c2149354f86619"
  integrity sha512-pTH3Ex5zAWC9LbS+WsYAFmkXQW3NRjmvxkKJY3NP1x0KHBWjz0Q2uGtdGMJzsa0EwoZ7wq9RTbMH1UNPceCpWw==
  optionalDependencies:
    "@tailwindcss/oxide-android-arm64" "4.0.13"
    "@tailwindcss/oxide-darwin-arm64" "4.0.13"
    "@tailwindcss/oxide-darwin-x64" "4.0.13"
    "@tailwindcss/oxide-freebsd-x64" "4.0.13"
    "@tailwindcss/oxide-linux-arm-gnueabihf" "4.0.13"
    "@tailwindcss/oxide-linux-arm64-gnu" "4.0.13"
    "@tailwindcss/oxide-linux-arm64-musl" "4.0.13"
    "@tailwindcss/oxide-linux-x64-gnu" "4.0.13"
    "@tailwindcss/oxide-linux-x64-musl" "4.0.13"
    "@tailwindcss/oxide-win32-arm64-msvc" "4.0.13"
    "@tailwindcss/oxide-win32-x64-msvc" "4.0.13"

"@tailwindcss/vite@^4.0.13":
  version "4.0.13"
  resolved "https://registry.yarnpkg.com/@tailwindcss/vite/-/vite-4.0.13.tgz#e260f4c50e8f43bde638490c3888962b31875fd2"
  integrity sha512-0XTd/NoVUAktIDaA4MdXhve0QWYh7WlZg20EHCuBFR80F8FhbVkRX+AY5cjbUP/IO2itHzt0iHc0iSE5kBUMhQ==
  dependencies:
    "@tailwindcss/node" "4.0.13"
    "@tailwindcss/oxide" "4.0.13"
    lightningcss "1.29.2"
    tailwindcss "4.0.13"

detect-libc@^2.0.3:
  version "2.0.3"
  resolved "https://registry.yarnpkg.com/detect-libc/-/detect-libc-2.0.3.tgz#f0cd503b40f9939b894697d19ad50895e30cf700"
  integrity sha512-bwy0MGW55bG41VqxxypOsdSdGqLwXPI/focwgTYCFMbdUiBAxLg9CFzG08sz2aqzknwiX7Hkl0bQENjg8iLByw==

enhanced-resolve@^5.18.1:
  version "5.18.1"
  resolved "https://registry.yarnpkg.com/enhanced-resolve/-/enhanced-resolve-5.18.1.tgz#728ab082f8b7b6836de51f1637aab5d3b9568faf"
  integrity sha512-ZSW3ma5GkcQBIpwZTSRAI8N71Uuwgs93IezB7mf7R60tC8ZbJideoDNKjHn2O9KIlx6rkGTTEk1xUCK2E1Y2Yg==
  dependencies:
    graceful-fs "^4.2.4"
    tapable "^2.2.0"

graceful-fs@^4.2.4:
  version "4.2.11"
  resolved "https://registry.yarnpkg.com/graceful-fs/-/graceful-fs-4.2.11.tgz#4183e4e8bf08bb6e05bbb2f7d2e0c8f712ca40e3"
  integrity sha512-RbJ5/jmFcNNCcDV5o9eTnBLJ/HszWV0P73bc+Ff4nS/rJj+YaS6IGyiOL0VoBYX+l1Wrl3k63h/KrH+nhJ0XvQ==

jiti@^2.4.2:
  version "2.4.2"
  resolved "https://registry.yarnpkg.com/jiti/-/jiti-2.4.2.tgz#d19b7732ebb6116b06e2038da74a55366faef560"
  integrity sha512-rg9zJN+G4n2nfJl5MW3BMygZX56zKPNVEYYqq7adpmMh4Jn2QNEwhvQlFy6jPVdcod7txZtKHWnyZiA3a0zP7A==

lightningcss-darwin-arm64@1.29.2:
  version "1.29.2"
  resolved "https://registry.yarnpkg.com/lightningcss-darwin-arm64/-/lightningcss-darwin-arm64-1.29.2.tgz#6ceff38b01134af48e859394e1ca21e5d49faae6"
  integrity sha512-cK/eMabSViKn/PG8U/a7aCorpeKLMlK0bQeNHmdb7qUnBkNPnL+oV5DjJUo0kqWsJUapZsM4jCfYItbqBDvlcA==

lightningcss-darwin-x64@1.29.2:
  version "1.29.2"
  resolved "https://registry.yarnpkg.com/lightningcss-darwin-x64/-/lightningcss-darwin-x64-1.29.2.tgz#891b6f9e57682d794223c33463ca66d3af3fb038"
  integrity sha512-j5qYxamyQw4kDXX5hnnCKMf3mLlHvG44f24Qyi2965/Ycz829MYqjrVg2H8BidybHBp9kom4D7DR5VqCKDXS0w==

lightningcss-freebsd-x64@1.29.2:
  version "1.29.2"
  resolved "https://registry.yarnpkg.com/lightningcss-freebsd-x64/-/lightningcss-freebsd-x64-1.29.2.tgz#8a95f9ab73b2b2b0beefe1599fafa8b058938495"
  integrity sha512-wDk7M2tM78Ii8ek9YjnY8MjV5f5JN2qNVO+/0BAGZRvXKtQrBC4/cn4ssQIpKIPP44YXw6gFdpUF+Ps+RGsCwg==

lightningcss-linux-arm-gnueabihf@1.29.2:
  version "1.29.2"
  resolved "https://registry.yarnpkg.com/lightningcss-linux-arm-gnueabihf/-/lightningcss-linux-arm-gnueabihf-1.29.2.tgz#5c60bbf92b39d7ed51e363f7b98a7111bf5914a1"
  integrity sha512-IRUrOrAF2Z+KExdExe3Rz7NSTuuJ2HvCGlMKoquK5pjvo2JY4Rybr+NrKnq0U0hZnx5AnGsuFHjGnNT14w26sg==

lightningcss-linux-arm64-gnu@1.29.2:
  version "1.29.2"
  resolved "https://registry.yarnpkg.com/lightningcss-linux-arm64-gnu/-/lightningcss-linux-arm64-gnu-1.29.2.tgz#e73d7608c4cce034c3654e5e8b53be74846224de"
  integrity sha512-KKCpOlmhdjvUTX/mBuaKemp0oeDIBBLFiU5Fnqxh1/DZ4JPZi4evEH7TKoSBFOSOV3J7iEmmBaw/8dpiUvRKlQ==

lightningcss-linux-arm64-musl@1.29.2:
  version "1.29.2"
  resolved "https://registry.yarnpkg.com/lightningcss-linux-arm64-musl/-/lightningcss-linux-arm64-musl-1.29.2.tgz#a95a18d5a909831c092e0a8d2de4b9ac1a8db151"
  integrity sha512-Q64eM1bPlOOUgxFmoPUefqzY1yV3ctFPE6d/Vt7WzLW4rKTv7MyYNky+FWxRpLkNASTnKQUaiMJ87zNODIrrKQ==

lightningcss-linux-x64-gnu@1.29.2:
  version "1.29.2"
  resolved "https://registry.yarnpkg.com/lightningcss-linux-x64-gnu/-/lightningcss-linux-x64-gnu-1.29.2.tgz#551ca07e565394928642edee92acc042e546cb78"
  integrity sha512-0v6idDCPG6epLXtBH/RPkHvYx74CVziHo6TMYga8O2EiQApnUPZsbR9nFNrg2cgBzk1AYqEd95TlrsL7nYABQg==

lightningcss-linux-x64-musl@1.29.2:
  version "1.29.2"
  resolved "https://registry.yarnpkg.com/lightningcss-linux-x64-musl/-/lightningcss-linux-x64-musl-1.29.2.tgz#2fd164554340831bce50285b57101817850dd258"
  integrity sha512-rMpz2yawkgGT8RULc5S4WiZopVMOFWjiItBT7aSfDX4NQav6M44rhn5hjtkKzB+wMTRlLLqxkeYEtQ3dd9696w==

lightningcss-win32-arm64-msvc@1.29.2:
  version "1.29.2"
  resolved "https://registry.yarnpkg.com/lightningcss-win32-arm64-msvc/-/lightningcss-win32-arm64-msvc-1.29.2.tgz#da43ea49fafc5d2de38e016f1a8539d5eed98318"
  integrity sha512-nL7zRW6evGQqYVu/bKGK+zShyz8OVzsCotFgc7judbt6wnB2KbiKKJwBE4SGoDBQ1O94RjW4asrCjQL4i8Fhbw==

lightningcss-win32-x64-msvc@1.29.2:
  version "1.29.2"
  resolved "https://registry.yarnpkg.com/lightningcss-win32-x64-msvc/-/lightningcss-win32-x64-msvc-1.29.2.tgz#ddefaa099a39b725b2f5bbdcb9fc718435cc9797"
  integrity sha512-EdIUW3B2vLuHmv7urfzMI/h2fmlnOQBk1xlsDxkN1tCWKjNFjfLhGxYk8C8mzpSfr+A6jFFIi8fU6LbQGsRWjA==

lightningcss@1.29.2:
  version "1.29.2"
  resolved "https://registry.yarnpkg.com/lightningcss/-/lightningcss-1.29.2.tgz#f5f0fd6e63292a232697e6fe709da5b47624def3"
  integrity sha512-6b6gd/RUXKaw5keVdSEtqFVdzWnU5jMxTUjA2bVcMNPLwSQ08Sv/UodBVtETLCn7k4S1Ibxwh7k68IwLZPgKaA==
  dependencies:
    detect-libc "^2.0.3"
  optionalDependencies:
    lightningcss-darwin-arm64 "1.29.2"
    lightningcss-darwin-x64 "1.29.2"
    lightningcss-freebsd-x64 "1.29.2"
    lightningcss-linux-arm-gnueabihf "1.29.2"
    lightningcss-linux-arm64-gnu "1.29.2"
    lightningcss-linux-arm64-musl "1.29.2"
    lightningcss-linux-x64-gnu "1.29.2"
    lightningcss-linux-x64-musl "1.29.2"
    lightningcss-win32-arm64-msvc "1.29.2"
    lightningcss-win32-x64-msvc "1.29.2"

tailwindcss@4.0.13, tailwindcss@^4.0.13:
  version "4.0.13"
  resolved "https://registry.yarnpkg.com/tailwindcss/-/tailwindcss-4.0.13.tgz#093935db2e4b80d245386f69da580528ac5b1b3c"
  integrity sha512-gbvFrB0fOsTv/OugXWi2PtflJ4S6/ctu6Mmn3bCftmLY/6xRsQVEJPgIIpABwpZ52DpONkCA3bEj5b54MHxF2Q==

tapable@^2.2.0:
  version "2.2.1"
  resolved "https://registry.yarnpkg.com/tapable/-/tapable-2.2.1.tgz#1967a73ef4060a82f12ab96af86d52fdb76eeca0"
  integrity sha512-GNzQvQTOIP6RyTfE2Qxb8ZVlNmw0n88vp1szwWRimP02mnTsx3Wtn5qRdqY9w2XduFNUgvOwhNnQsjwCp+kqaQ==
